
Microsoft Visual Studio Solution File, Format Version 12.00
# Visual Studio Version 16
VisualStudioVersion = 16.0.30128.74
MinimumVisualStudioVersion = 10.0.40219.1
Project("{FAE04EC0-301F-11D3-BF4B-00C04F79EFBC}") = "tests", "tests\tests.csproj", "{B74CBAD6-EBEB-4BEF-816F-39E7FB50A71D}"
EndProject
Global
	GlobalSection(SolutionConfigurationPlatforms) = preSolution
		Debug|Any CPU = Debug|Any CPU
		Release|Any CPU = Release|Any CPU
	EndGlobalSection
	GlobalSection(ProjectConfigurationPlatforms) = postSolution
		{B74CBAD6-EBEB-4BEF-816F-39E7FB50A71D}.Debug|Any CPU.ActiveCfg = Debug|Any CPU
		{B74CBAD6-EBEB-4BEF-816F-39E7FB50A71D}.Debug|Any CPU.Build.0 = Debug|Any CPU
		{B74CBAD6-EBEB-4BEF-816F-39E7FB50A71D}.Release|Any CPU.ActiveCfg = Release|Any CPU
		{B74CBAD6-EBEB-4BEF-816F-39E7FB50A71D}.Release|Any CPU.Build.0 = Release|Any CPU
	EndGlobalSection
	GlobalSection(SolutionProperties) = preSolution
		HideSolutionNode = FALSE
	EndGlobalSection
	GlobalSection(ExtensibilityGlobals) = postSolution
		SolutionGuid = {8609040D-BE66-4C1A-B3DC-39109452B851}
	EndGlobalSection
EndGlobal
